
Microsoft Visual Studio Solution File, Format Version 12.00
# Visual Studio Version 17
VisualStudioVersion = 17.14.36518.9
MinimumVisualStudioVersion = 10.0.40219.1
Project("{2150E333-8FDC-42A3-9474-1A3956D46DE8}") = "Task0", "Task0", "{02EA681E-C7D8-13C7-8484-4AC65E1B71E8}"
EndProject
Project("{FAE04EC0-301F-11D3-BF4B-00C04F79EFBC}") = "Tyuiu.Shahab5.Sprint5.Task0.V20", "Tyuiu.Shahab5.Sprint5.Task0.V20\Tyuiu.Shahab5.Sprint5.Task0.V20.csproj", "{EE5BE1E6-88AD-4212-802A-063642E671D0}"
EndProject
Project("{FAE04EC0-301F-11D3-BF4B-00C04F79EFBC}") = "Tyuiu.Shahab5.Sprint5.Task0.V20.Lib", "Tyuiu.Shahab5.Sprint5.Task0.V20.Lib\Tyuiu.Shahab5.Sprint5.Task0.V20.Lib.csproj", "{F872D0D4-639E-43E2-95D2-10742809C9C5}"
EndProject
Project("{FAE04EC0-301F-11D3-BF4B-00C04F79EFBC}") = "Tyuiu.Shahab5.Sprint5.Task0.V20.Test", "Tyuiu.Shahab5.Sprint5.Task0.V20.Test\Tyuiu.Shahab5.Sprint5.Task0.V20.Test.csproj", "{8308CD11-44EA-449E-99DC-937492069C28}"
EndProject
Project("{2150E333-8FDC-42A3-9474-1A3956D46DE8}") = "Task1", "Task1", "{12AFA048-FC6B-4009-A644-7A14609BCC3C}"
EndProject
Project("{2150E333-8FDC-42A3-9474-1A3956D46DE8}") = "Task2", "Task2", "{2CF14ABA-9B80-4E1B-8D0C-C03C2ED34D51}"
EndProject
Project("{FAE04EC0-301F-11D3-BF4B-00C04F79EFBC}") = "Tyuiu.Shahab5.Sprint5.Task2.V20", "Tyuiu.Shahab5.Sprint5.Task2.V20\Tyuiu.Shahab5.Sprint5.Task2.V20.csproj", "{A8BC6393-43DF-4A0D-ADB5-6A7AD78CC175}"
EndProject
Project("{FAE04EC0-301F-11D3-BF4B-00C04F79EFBC}") = "Tyuiu.Shahab5.Sprint5.Task2.V20.Lib", "Tyuiu.Shahab5.Sprint5.Task2.V20.Lib\Tyuiu.Shahab5.Sprint5.Task2.V20.Lib.csproj", "{32A3410D-3274-41C3-99AB-87C6D5ABFC02}"
EndProject
Project("{FAE04EC0-301F-11D3-BF4B-00C04F79EFBC}") = "Tyuiu.Shahab5.Sprint5.Task2.V20.Test", "Tyuiu.Shahab5.Sprint5.Task2.V20.Test\Tyuiu.Shahab5.Sprint5.Task2.V20.Test.csproj", "{B5790522-2FD1-4DAA-A203-68D668CE1DCA}"
EndProject
Project("{2150E333-8FDC-42A3-9474-1A3956D46DE8}") = "Task3", "Task3", "{03C01EAF-E548-4C61-A2AA-88136750FFD1}"
EndProject
Project("{FAE04EC0-301F-11D3-BF4B-00C04F79EFBC}") = "Tyuiu.Shahab5.Sprint5.Task1.V24", "Tyuiu.Shahab5.Sprint5.Task1.V24\Tyuiu.Shahab5.Sprint5.Task1.V24.csproj", "{73C09869-D9DB-41A9-BFC4-56CE9F60AA86}"
EndProject
Project("{FAE04EC0-301F-11D3-BF4B-00C04F79EFBC}") = "Tyuiu.Shahab5.Sprint5.Task1.V24.Lib", "Tyuiu.Shahab5.Sprint5.Task1.V24.Lib\Tyuiu.Shahab5.Sprint5.Task1.V24.Lib.csproj", "{9DA4BA6F-FB46-403F-A9F9-BBA5A59107F1}"
EndProject
Project("{FAE04EC0-301F-11D3-BF4B-00C04F79EFBC}") = "Tyuiu.Shahab5.Sprint5.Task1.V24.Test", "Tyuiu.Shahab5.Sprint5.Task1.V24.Test\Tyuiu.Shahab5.Sprint5.Task1.V24.Test.csproj", "{057997A2-A025-4646-B4E6-F7820D02F146}"
EndProject
Global
	GlobalSection(SolutionConfigurationPlatforms) = preSolution
		Debug|Any CPU = Debug|Any CPU
		Release|Any CPU = Release|Any CPU
	EndGlobalSection
	GlobalSection(ProjectConfigurationPlatforms) = postSolution
		{EE5BE1E6-88AD-4212-802A-063642E671D0}.Debug|Any CPU.ActiveCfg = Debug|Any CPU
		{EE5BE1E6-88AD-4212-802A-063642E671D0}.Debug|Any CPU.Build.0 = Debug|Any CPU
		{EE5BE1E6-88AD-4212-802A-063642E671D0}.Release|Any CPU.ActiveCfg = Release|Any CPU
		{EE5BE1E6-88AD-4212-802A-063642E671D0}.Release|Any CPU.Build.0 = Release|Any CPU
		{F872D0D4-639E-43E2-95D2-10742809C9C5}.Debug|Any CPU.ActiveCfg = Debug|Any CPU
		{F872D0D4-639E-43E2-95D2-10742809C9C5}.Debug|Any CPU.Build.0 = Debug|Any CPU
		{F872D0D4-639E-43E2-95D2-10742809C9C5}.Release|Any CPU.ActiveCfg = Release|Any CPU
		{F872D0D4-639E-43E2-95D2-10742809C9C5}.Release|Any CPU.Build.0 = Release|Any CPU
		{8308CD11-44EA-449E-99DC-937492069C28}.Debug|Any CPU.ActiveCfg = Debug|Any CPU
		{8308CD11-44EA-449E-99DC-937492069C28}.Debug|Any CPU.Build.0 = Debug|Any CPU
		{8308CD11-44EA-449E-99DC-937492069C28}.Release|Any CPU.ActiveCfg = Release|Any CPU
		{8308CD11-44EA-449E-99DC-937492069C28}.Release|Any CPU.Build.0 = Release|Any CPU
		{A8BC6393-43DF-4A0D-ADB5-6A7AD78CC175}.Debug|Any CPU.ActiveCfg = Debug|Any CPU
		{A8BC6393-43DF-4A0D-ADB5-6A7AD78CC175}.Debug|Any CPU.Build.0 = Debug|Any CPU
		{A8BC6393-43DF-4A0D-ADB5-6A7AD78CC175}.Release|Any CPU.ActiveCfg = Release|Any CPU
		{A8BC6393-43DF-4A0D-ADB5-6A7AD78CC175}.Release|Any CPU.Build.0 = Release|Any CPU
		{32A3410D-3274-41C3-99AB-87C6D5ABFC02}.Debug|Any CPU.ActiveCfg = Debug|Any CPU
		{32A3410D-3274-41C3-99AB-87C6D5ABFC02}.Debug|Any CPU.Build.0 = Debug|Any CPU
		{32A3410D-3274-41C3-99AB-87C6D5ABFC02}.Release|Any CPU.ActiveCfg = Release|Any CPU
		{32A3410D-3274-41C3-99AB-87C6D5ABFC02}.Release|Any CPU.Build.0 = Release|Any CPU
		{B5790522-2FD1-4DAA-A203-68D668CE1DCA}.Debug|Any CPU.ActiveCfg = Debug|Any CPU
		{B5790522-2FD1-4DAA-A203-68D668CE1DCA}.Debug|Any CPU.Build.0 = Debug|Any CPU
		{B5790522-2FD1-4DAA-A203-68D668CE1DCA}.Release|Any CPU.ActiveCfg = Release|Any CPU
		{B5790522-2FD1-4DAA-A203-68D668CE1DCA}.Release|Any CPU.Build.0 = Release|Any CPU
		{73C09869-D9DB-41A9-BFC4-56CE9F60AA86}.Debug|Any CPU.ActiveCfg = Debug|Any CPU
		{73C09869-D9DB-41A9-BFC4-56CE9F60AA86}.Debug|Any CPU.Build.0 = Debug|Any CPU
		{73C09869-D9DB-41A9-BFC4-56CE9F60AA86}.Release|Any CPU.ActiveCfg = Release|Any CPU
		{73C09869-D9DB-41A9-BFC4-56CE9F60AA86}.Release|Any CPU.Build.0 = Release|Any CPU
		{9DA4BA6F-FB46-403F-A9F9-BBA5A59107F1}.Debug|Any CPU.ActiveCfg = Debug|Any CPU
		{9DA4BA6F-FB46-403F-A9F9-BBA5A59107F1}.Debug|Any CPU.Build.0 = Debug|Any CPU
		{9DA4BA6F-FB46-403F-A9F9-BBA5A59107F1}.Release|Any CPU.ActiveCfg = Release|Any CPU
		{9DA4BA6F-FB46-403F-A9F9-BBA5A59107F1}.Release|Any CPU.Build.0 = Release|Any CPU
		{057997A2-A025-4646-B4E6-F7820D02F146}.Debug|Any CPU.ActiveCfg = Debug|Any CPU
		{057997A2-A025-4646-B4E6-F7820D02F146}.Debug|Any CPU.Build.0 = Debug|Any CPU
		{057997A2-A025-4646-B4E6-F7820D02F146}.Release|Any CPU.ActiveCfg = Release|Any CPU
		{057997A2-A025-4646-B4E6-F7820D02F146}.Release|Any CPU.Build.0 = Release|Any CPU
	EndGlobalSection
	GlobalSection(SolutionProperties) = preSolution
		HideSolutionNode = FALSE
	EndGlobalSection
	GlobalSection(NestedProjects) = preSolution
		{EE5BE1E6-88AD-4212-802A-063642E671D0} = {02EA681E-C7D8-13C7-8484-4AC65E1B71E8}
		{F872D0D4-639E-43E2-95D2-10742809C9C5} = {02EA681E-C7D8-13C7-8484-4AC65E1B71E8}
		{8308CD11-44EA-449E-99DC-937492069C28} = {02EA681E-C7D8-13C7-8484-4AC65E1B71E8}
		{A8BC6393-43DF-4A0D-ADB5-6A7AD78CC175} = {2CF14ABA-9B80-4E1B-8D0C-C03C2ED34D51}
		{32A3410D-3274-41C3-99AB-87C6D5ABFC02} = {2CF14ABA-9B80-4E1B-8D0C-C03C2ED34D51}
		{B5790522-2FD1-4DAA-A203-68D668CE1DCA} = {2CF14ABA-9B80-4E1B-8D0C-C03C2ED34D51}
		{73C09869-D9DB-41A9-BFC4-56CE9F60AA86} = {03C01EAF-E548-4C61-A2AA-88136750FFD1}
		{9DA4BA6F-FB46-403F-A9F9-BBA5A59107F1} = {03C01EAF-E548-4C61-A2AA-88136750FFD1}
		{057997A2-A025-4646-B4E6-F7820D02F146} = {03C01EAF-E548-4C61-A2AA-88136750FFD1}
	EndGlobalSection
	GlobalSection(ExtensibilityGlobals) = postSolution
		SolutionGuid = {68A99C0C-491F-4313-9DEC-41306570E521}
	EndGlobalSection
EndGlobal
