
Microsoft Visual Studio Solution File, Format Version 12.00
# Visual Studio Version 17
VisualStudioVersion = 17.14.36518.9 d17.14
MinimumVisualStudioVersion = 10.0.40219.1
Project("{2150E333-8FDC-42A3-9474-1A3956D46DE8}") = "Task0", "Task0", "{02EA681E-C7D8-13C7-8484-4AC65E1B71E8}"
EndProject
Project("{FAE04EC0-301F-11D3-BF4B-00C04F79EFBC}") = "Tyuiu.Shahab5.Sprint5.Task0.V20", "Tyuiu.Shahab5.Sprint5.Task0.V20\Tyuiu.Shahab5.Sprint5.Task0.V20.csproj", "{EE5BE1E6-88AD-4212-802A-063642E671D0}"
EndProject
Project("{FAE04EC0-301F-11D3-BF4B-00C04F79EFBC}") = "Tyuiu.Shahab5.Sprint5.Task0.V20.Lib", "Tyuiu.Shahab5.Sprint5.Task0.V20.Lib\Tyuiu.Shahab5.Sprint5.Task0.V20.Lib.csproj", "{F872D0D4-639E-43E2-95D2-10742809C9C5}"
EndProject
Project("{FAE04EC0-301F-11D3-BF4B-00C04F79EFBC}") = "Tyuiu.Shahab5.Sprint5.Task0.V20.Test", "Tyuiu.Shahab5.Sprint5.Task0.V20.Test\Tyuiu.Shahab5.Sprint5.Task0.V20.Test.csproj", "{8308CD11-44EA-449E-99DC-937492069C28}"
EndProject
Global
	GlobalSection(SolutionConfigurationPlatforms) = preSolution
		Debug|Any CPU = Debug|Any CPU
		Release|Any CPU = Release|Any CPU
	EndGlobalSection
	GlobalSection(ProjectConfigurationPlatforms) = postSolution
		{EE5BE1E6-88AD-4212-802A-063642E671D0}.Debug|Any CPU.ActiveCfg = Debug|Any CPU
		{EE5BE1E6-88AD-4212-802A-063642E671D0}.Debug|Any CPU.Build.0 = Debug|Any CPU
		{EE5BE1E6-88AD-4212-802A-063642E671D0}.Release|Any CPU.ActiveCfg = Release|Any CPU
		{EE5BE1E6-88AD-4212-802A-063642E671D0}.Release|Any CPU.Build.0 = Release|Any CPU
		{F872D0D4-639E-43E2-95D2-10742809C9C5}.Debug|Any CPU.ActiveCfg = Debug|Any CPU
		{F872D0D4-639E-43E2-95D2-10742809C9C5}.Debug|Any CPU.Build.0 = Debug|Any CPU
		{F872D0D4-639E-43E2-95D2-10742809C9C5}.Release|Any CPU.ActiveCfg = Release|Any CPU
		{F872D0D4-639E-43E2-95D2-10742809C9C5}.Release|Any CPU.Build.0 = Release|Any CPU
		{8308CD11-44EA-449E-99DC-937492069C28}.Debug|Any CPU.ActiveCfg = Debug|Any CPU
		{8308CD11-44EA-449E-99DC-937492069C28}.Debug|Any CPU.Build.0 = Debug|Any CPU
		{8308CD11-44EA-449E-99DC-937492069C28}.Release|Any CPU.ActiveCfg = Release|Any CPU
		{8308CD11-44EA-449E-99DC-937492069C28}.Release|Any CPU.Build.0 = Release|Any CPU
	EndGlobalSection
	GlobalSection(SolutionProperties) = preSolution
		HideSolutionNode = FALSE
	EndGlobalSection
	GlobalSection(NestedProjects) = preSolution
		{EE5BE1E6-88AD-4212-802A-063642E671D0} = {02EA681E-C7D8-13C7-8484-4AC65E1B71E8}
		{F872D0D4-639E-43E2-95D2-10742809C9C5} = {02EA681E-C7D8-13C7-8484-4AC65E1B71E8}
		{8308CD11-44EA-449E-99DC-937492069C28} = {02EA681E-C7D8-13C7-8484-4AC65E1B71E8}
	EndGlobalSection
	GlobalSection(ExtensibilityGlobals) = postSolution
		SolutionGuid = {68A99C0C-491F-4313-9DEC-41306570E521}
	EndGlobalSection
EndGlobal
