
Microsoft Visual Studio Solution File, Format Version 12.00
# Visual Studio Version 17
VisualStudioVersion = 17.14.36518.9
MinimumVisualStudioVersion = 10.0.40219.1
Project("{2150E333-8FDC-42A3-9474-1A3956D46DE8}") = "Task0", "Task0", "{02EA681E-C7D8-13C7-8484-4AC65E1B71E8}"
EndProject
Project("{FAE04EC0-301F-11D3-BF4B-00C04F79EFBC}") = "Tyuiu.Shahab5.Sprint5.Task0.V20", "Tyuiu.Shahab5.Sprint5.Task0.V20\Tyuiu.Shahab5.Sprint5.Task0.V20.csproj", "{EE5BE1E6-88AD-4212-802A-063642E671D0}"
EndProject
Project("{FAE04EC0-301F-11D3-BF4B-00C04F79EFBC}") = "Tyuiu.Shahab5.Sprint5.Task0.V20.Lib", "Tyuiu.Shahab5.Sprint5.Task0.V20.Lib\Tyuiu.Shahab5.Sprint5.Task0.V20.Lib.csproj", "{F872D0D4-639E-43E2-95D2-10742809C9C5}"
EndProject
Project("{FAE04EC0-301F-11D3-BF4B-00C04F79EFBC}") = "Tyuiu.Shahab5.Sprint5.Task0.V20.Test", "Tyuiu.Shahab5.Sprint5.Task0.V20.Test\Tyuiu.Shahab5.Sprint5.Task0.V20.Test.csproj", "{8308CD11-44EA-449E-99DC-937492069C28}"
EndProject
Project("{2150E333-8FDC-42A3-9474-1A3956D46DE8}") = "Task1", "Task1", "{12AFA048-FC6B-4009-A644-7A14609BCC3C}"
EndProject
Project("{2150E333-8FDC-42A3-9474-1A3956D46DE8}") = "Task2", "Task2", "{2CF14ABA-9B80-4E1B-8D0C-C03C2ED34D51}"
EndProject
Project("{FAE04EC0-301F-11D3-BF4B-00C04F79EFBC}") = "Tyuiu.Shahab5.Sprint5.Task2.V20", "Tyuiu.Shahab5.Sprint5.Task2.V20\Tyuiu.Shahab5.Sprint5.Task2.V20.csproj", "{A8BC6393-43DF-4A0D-ADB5-6A7AD78CC175}"
EndProject
Project("{FAE04EC0-301F-11D3-BF4B-00C04F79EFBC}") = "Tyuiu.Shahab5.Sprint5.Task2.V20.Lib", "Tyuiu.Shahab5.Sprint5.Task2.V20.Lib\Tyuiu.Shahab5.Sprint5.Task2.V20.Lib.csproj", "{32A3410D-3274-41C3-99AB-87C6D5ABFC02}"
EndProject
Project("{FAE04EC0-301F-11D3-BF4B-00C04F79EFBC}") = "Tyuiu.Shahab5.Sprint5.Task2.V20.Test", "Tyuiu.Shahab5.Sprint5.Task2.V20.Test\Tyuiu.Shahab5.Sprint5.Task2.V20.Test.csproj", "{B5790522-2FD1-4DAA-A203-68D668CE1DCA}"
EndProject
Project("{2150E333-8FDC-42A3-9474-1A3956D46DE8}") = "Task3", "Task3", "{6BA0C483-1DBB-4EBA-B119-06D4A2E7DD4F}"
EndProject
Project("{FAE04EC0-301F-11D3-BF4B-00C04F79EFBC}") = "Tyuiu.Shahab5.Sprint5.Task3.V24", "Tyuiu.Shahab5.Sprint5.Task3.V24\Tyuiu.Shahab5.Sprint5.Task3.V24.csproj", "{538754C0-EF24-436A-9FA7-24E1463FD2A6}"
EndProject
Project("{FAE04EC0-301F-11D3-BF4B-00C04F79EFBC}") = "Tyuiu.Shahab5.Sprint5.Task3.V24.Lib", "Tyuiu.Shahab5.Sprint5.Task3.V24.Lib\Tyuiu.Shahab5.Sprint5.Task3.V24.Lib.csproj", "{8555ABEC-AFF8-47B4-A1DC-7E889F7A93CD}"
EndProject
Project("{FAE04EC0-301F-11D3-BF4B-00C04F79EFBC}") = "Tyuiu.Shahab5.Sprint5.Task3.V24.Test", "Tyuiu.Shahab5.Sprint5.Task3.V24.Test\Tyuiu.Shahab5.Sprint5.Task3.V24.Test.csproj", "{63DB2288-47CB-4536-B67C-3D5042D78C44}"
EndProject
Project("{2150E333-8FDC-42A3-9474-1A3956D46DE8}") = "Task4", "Task4", "{6FD27394-11EC-4C0B-9D85-809DB502612C}"
EndProject
Project("{FAE04EC0-301F-11D3-BF4B-00C04F79EFBC}") = "Tyuiu.Shahab5.Sprint5.Task4.V5", "Tyuiu.Shahab5.Sprint5.Task4.V5\Tyuiu.Shahab5.Sprint5.Task4.V5.csproj", "{D0E41444-744E-4602-B538-2AA52EBD3CF0}"
EndProject
Project("{FAE04EC0-301F-11D3-BF4B-00C04F79EFBC}") = "Tyuiu.Shahab5.Sprint5.Task4.V5.Lib", "Tyuiu.Shahab5.Sprint5.Task4.V5.Lib\Tyuiu.Shahab5.Sprint5.Task4.V5.Lib.csproj", "{12FE6DE0-0C5A-4ED0-9530-C29F2A965D12}"
EndProject
Project("{FAE04EC0-301F-11D3-BF4B-00C04F79EFBC}") = "Tyuiu.Shahab5.Sprint5.Task4.V5.Test", "Tyuiu.Shahab5.Sprint5.Task4.V5.Test\Tyuiu.Shahab5.Sprint5.Task4.V5.Test.csproj", "{9236764F-0453-4ACC-BDD6-1BE1DC58E94D}"
EndProject
Project("{2150E333-8FDC-42A3-9474-1A3956D46DE8}") = "Task5", "Task5", "{FE23312A-6C5D-4F30-95ED-F61CB1FC0005}"
EndProject
Project("{FAE04EC0-301F-11D3-BF4B-00C04F79EFBC}") = "Tyuiu.Shahab5.Sprint5.Task5.V10", "Tyuiu.Shahab5.Sprint5.Task5.V10\Tyuiu.Shahab5.Sprint5.Task5.V10.csproj", "{5D68C56A-7E0B-4E7B-8C68-49D6764DA8F8}"
EndProject
Project("{FAE04EC0-301F-11D3-BF4B-00C04F79EFBC}") = "Tyuiu.Shahab5.Sprint5.Task5.V10.Lib", "Tyuiu.Shahab5.Sprint5.Task5.V10.Lib\Tyuiu.Shahab5.Sprint5.Task5.V10.Lib.csproj", "{B2412642-19AB-4182-9E7C-264E2466939D}"
EndProject
Project("{FAE04EC0-301F-11D3-BF4B-00C04F79EFBC}") = "Tyuiu.Shahab5.Sprint5.Task5.V10.Test", "Tyuiu.Shahab5.Sprint5.Task5.V10.Test\Tyuiu.Shahab5.Sprint5.Task5.V10.Test.csproj", "{F5665212-B8A5-4F43-B79A-75CD4B45DC61}"
EndProject
Project("{FAE04EC0-301F-11D3-BF4B-00C04F79EFBC}") = "Tyuiu.Shahab5.Sprint5.Task1.V25", "Tyuiu.Shahab5.Sprint5.Task1.V25\Tyuiu.Shahab5.Sprint5.Task1.V25.csproj", "{84920764-2057-4E94-AB83-D38E93B69805}"
EndProject
Project("{FAE04EC0-301F-11D3-BF4B-00C04F79EFBC}") = "Tyuiu.Shahab5.Sprint5.Task1.V25.Lib", "Tyuiu.Shahab5.Sprint5.Task1.V25.Lib\Tyuiu.Shahab5.Sprint5.Task1.V25.Lib.csproj", "{D461E992-FA32-4849-B004-79F606EEFC60}"
EndProject
Project("{FAE04EC0-301F-11D3-BF4B-00C04F79EFBC}") = "Tyuiu.Shahab5.Sprint5.Task1.V25.Test", "Tyuiu.Shahab5.Sprint5.Task1.V25.Test\Tyuiu.Shahab5.Sprint5.Task1.V25.Test.csproj", "{758BBA1E-CC58-458B-934D-91E14488D855}"
EndProject
Global
	GlobalSection(SolutionConfigurationPlatforms) = preSolution
		Debug|Any CPU = Debug|Any CPU
		Release|Any CPU = Release|Any CPU
	EndGlobalSection
	GlobalSection(ProjectConfigurationPlatforms) = postSolution
		{EE5BE1E6-88AD-4212-802A-063642E671D0}.Debug|Any CPU.ActiveCfg = Debug|Any CPU
		{EE5BE1E6-88AD-4212-802A-063642E671D0}.Debug|Any CPU.Build.0 = Debug|Any CPU
		{EE5BE1E6-88AD-4212-802A-063642E671D0}.Release|Any CPU.ActiveCfg = Release|Any CPU
		{EE5BE1E6-88AD-4212-802A-063642E671D0}.Release|Any CPU.Build.0 = Release|Any CPU
		{F872D0D4-639E-43E2-95D2-10742809C9C5}.Debug|Any CPU.ActiveCfg = Debug|Any CPU
		{F872D0D4-639E-43E2-95D2-10742809C9C5}.Debug|Any CPU.Build.0 = Debug|Any CPU
		{F872D0D4-639E-43E2-95D2-10742809C9C5}.Release|Any CPU.ActiveCfg = Release|Any CPU
		{F872D0D4-639E-43E2-95D2-10742809C9C5}.Release|Any CPU.Build.0 = Release|Any CPU
		{8308CD11-44EA-449E-99DC-937492069C28}.Debug|Any CPU.ActiveCfg = Debug|Any CPU
		{8308CD11-44EA-449E-99DC-937492069C28}.Debug|Any CPU.Build.0 = Debug|Any CPU
		{8308CD11-44EA-449E-99DC-937492069C28}.Release|Any CPU.ActiveCfg = Release|Any CPU
		{8308CD11-44EA-449E-99DC-937492069C28}.Release|Any CPU.Build.0 = Release|Any CPU
		{A8BC6393-43DF-4A0D-ADB5-6A7AD78CC175}.Debug|Any CPU.ActiveCfg = Debug|Any CPU
		{A8BC6393-43DF-4A0D-ADB5-6A7AD78CC175}.Debug|Any CPU.Build.0 = Debug|Any CPU
		{A8BC6393-43DF-4A0D-ADB5-6A7AD78CC175}.Release|Any CPU.ActiveCfg = Release|Any CPU
		{A8BC6393-43DF-4A0D-ADB5-6A7AD78CC175}.Release|Any CPU.Build.0 = Release|Any CPU
		{32A3410D-3274-41C3-99AB-87C6D5ABFC02}.Debug|Any CPU.ActiveCfg = Debug|Any CPU
		{32A3410D-3274-41C3-99AB-87C6D5ABFC02}.Debug|Any CPU.Build.0 = Debug|Any CPU
		{32A3410D-3274-41C3-99AB-87C6D5ABFC02}.Release|Any CPU.ActiveCfg = Release|Any CPU
		{32A3410D-3274-41C3-99AB-87C6D5ABFC02}.Release|Any CPU.Build.0 = Release|Any CPU
		{B5790522-2FD1-4DAA-A203-68D668CE1DCA}.Debug|Any CPU.ActiveCfg = Debug|Any CPU
		{B5790522-2FD1-4DAA-A203-68D668CE1DCA}.Debug|Any CPU.Build.0 = Debug|Any CPU
		{B5790522-2FD1-4DAA-A203-68D668CE1DCA}.Release|Any CPU.ActiveCfg = Release|Any CPU
		{B5790522-2FD1-4DAA-A203-68D668CE1DCA}.Release|Any CPU.Build.0 = Release|Any CPU
		{538754C0-EF24-436A-9FA7-24E1463FD2A6}.Debug|Any CPU.ActiveCfg = Debug|Any CPU
		{538754C0-EF24-436A-9FA7-24E1463FD2A6}.Debug|Any CPU.Build.0 = Debug|Any CPU
		{538754C0-EF24-436A-9FA7-24E1463FD2A6}.Release|Any CPU.ActiveCfg = Release|Any CPU
		{538754C0-EF24-436A-9FA7-24E1463FD2A6}.Release|Any CPU.Build.0 = Release|Any CPU
		{8555ABEC-AFF8-47B4-A1DC-7E889F7A93CD}.Debug|Any CPU.ActiveCfg = Debug|Any CPU
		{8555ABEC-AFF8-47B4-A1DC-7E889F7A93CD}.Debug|Any CPU.Build.0 = Debug|Any CPU
		{8555ABEC-AFF8-47B4-A1DC-7E889F7A93CD}.Release|Any CPU.ActiveCfg = Release|Any CPU
		{8555ABEC-AFF8-47B4-A1DC-7E889F7A93CD}.Release|Any CPU.Build.0 = Release|Any CPU
		{63DB2288-47CB-4536-B67C-3D5042D78C44}.Debug|Any CPU.ActiveCfg = Debug|Any CPU
		{63DB2288-47CB-4536-B67C-3D5042D78C44}.Debug|Any CPU.Build.0 = Debug|Any CPU
		{63DB2288-47CB-4536-B67C-3D5042D78C44}.Release|Any CPU.ActiveCfg = Release|Any CPU
		{63DB2288-47CB-4536-B67C-3D5042D78C44}.Release|Any CPU.Build.0 = Release|Any CPU
		{D0E41444-744E-4602-B538-2AA52EBD3CF0}.Debug|Any CPU.ActiveCfg = Debug|Any CPU
		{D0E41444-744E-4602-B538-2AA52EBD3CF0}.Debug|Any CPU.Build.0 = Debug|Any CPU
		{D0E41444-744E-4602-B538-2AA52EBD3CF0}.Release|Any CPU.ActiveCfg = Release|Any CPU
		{D0E41444-744E-4602-B538-2AA52EBD3CF0}.Release|Any CPU.Build.0 = Release|Any CPU
		{12FE6DE0-0C5A-4ED0-9530-C29F2A965D12}.Debug|Any CPU.ActiveCfg = Debug|Any CPU
		{12FE6DE0-0C5A-4ED0-9530-C29F2A965D12}.Debug|Any CPU.Build.0 = Debug|Any CPU
		{12FE6DE0-0C5A-4ED0-9530-C29F2A965D12}.Release|Any CPU.ActiveCfg = Release|Any CPU
		{12FE6DE0-0C5A-4ED0-9530-C29F2A965D12}.Release|Any CPU.Build.0 = Release|Any CPU
		{9236764F-0453-4ACC-BDD6-1BE1DC58E94D}.Debug|Any CPU.ActiveCfg = Debug|Any CPU
		{9236764F-0453-4ACC-BDD6-1BE1DC58E94D}.Debug|Any CPU.Build.0 = Debug|Any CPU
		{9236764F-0453-4ACC-BDD6-1BE1DC58E94D}.Release|Any CPU.ActiveCfg = Release|Any CPU
		{9236764F-0453-4ACC-BDD6-1BE1DC58E94D}.Release|Any CPU.Build.0 = Release|Any CPU
		{5D68C56A-7E0B-4E7B-8C68-49D6764DA8F8}.Debug|Any CPU.ActiveCfg = Debug|Any CPU
		{5D68C56A-7E0B-4E7B-8C68-49D6764DA8F8}.Debug|Any CPU.Build.0 = Debug|Any CPU
		{5D68C56A-7E0B-4E7B-8C68-49D6764DA8F8}.Release|Any CPU.ActiveCfg = Release|Any CPU
		{5D68C56A-7E0B-4E7B-8C68-49D6764DA8F8}.Release|Any CPU.Build.0 = Release|Any CPU
		{B2412642-19AB-4182-9E7C-264E2466939D}.Debug|Any CPU.ActiveCfg = Debug|Any CPU
		{B2412642-19AB-4182-9E7C-264E2466939D}.Debug|Any CPU.Build.0 = Debug|Any CPU
		{B2412642-19AB-4182-9E7C-264E2466939D}.Release|Any CPU.ActiveCfg = Release|Any CPU
		{B2412642-19AB-4182-9E7C-264E2466939D}.Release|Any CPU.Build.0 = Release|Any CPU
		{F5665212-B8A5-4F43-B79A-75CD4B45DC61}.Debug|Any CPU.ActiveCfg = Debug|Any CPU
		{F5665212-B8A5-4F43-B79A-75CD4B45DC61}.Debug|Any CPU.Build.0 = Debug|Any CPU
		{F5665212-B8A5-4F43-B79A-75CD4B45DC61}.Release|Any CPU.ActiveCfg = Release|Any CPU
		{F5665212-B8A5-4F43-B79A-75CD4B45DC61}.Release|Any CPU.Build.0 = Release|Any CPU
		{84920764-2057-4E94-AB83-D38E93B69805}.Debug|Any CPU.ActiveCfg = Debug|Any CPU
		{84920764-2057-4E94-AB83-D38E93B69805}.Debug|Any CPU.Build.0 = Debug|Any CPU
		{84920764-2057-4E94-AB83-D38E93B69805}.Release|Any CPU.ActiveCfg = Release|Any CPU
		{84920764-2057-4E94-AB83-D38E93B69805}.Release|Any CPU.Build.0 = Release|Any CPU
		{D461E992-FA32-4849-B004-79F606EEFC60}.Debug|Any CPU.ActiveCfg = Debug|Any CPU
		{D461E992-FA32-4849-B004-79F606EEFC60}.Debug|Any CPU.Build.0 = Debug|Any CPU
		{D461E992-FA32-4849-B004-79F606EEFC60}.Release|Any CPU.ActiveCfg = Release|Any CPU
		{D461E992-FA32-4849-B004-79F606EEFC60}.Release|Any CPU.Build.0 = Release|Any CPU
		{758BBA1E-CC58-458B-934D-91E14488D855}.Debug|Any CPU.ActiveCfg = Debug|Any CPU
		{758BBA1E-CC58-458B-934D-91E14488D855}.Debug|Any CPU.Build.0 = Debug|Any CPU
		{758BBA1E-CC58-458B-934D-91E14488D855}.Release|Any CPU.ActiveCfg = Release|Any CPU
		{758BBA1E-CC58-458B-934D-91E14488D855}.Release|Any CPU.Build.0 = Release|Any CPU
	EndGlobalSection
	GlobalSection(SolutionProperties) = preSolution
		HideSolutionNode = FALSE
	EndGlobalSection
	GlobalSection(NestedProjects) = preSolution
		{EE5BE1E6-88AD-4212-802A-063642E671D0} = {02EA681E-C7D8-13C7-8484-4AC65E1B71E8}
		{F872D0D4-639E-43E2-95D2-10742809C9C5} = {02EA681E-C7D8-13C7-8484-4AC65E1B71E8}
		{8308CD11-44EA-449E-99DC-937492069C28} = {02EA681E-C7D8-13C7-8484-4AC65E1B71E8}
		{A8BC6393-43DF-4A0D-ADB5-6A7AD78CC175} = {2CF14ABA-9B80-4E1B-8D0C-C03C2ED34D51}
		{32A3410D-3274-41C3-99AB-87C6D5ABFC02} = {2CF14ABA-9B80-4E1B-8D0C-C03C2ED34D51}
		{B5790522-2FD1-4DAA-A203-68D668CE1DCA} = {2CF14ABA-9B80-4E1B-8D0C-C03C2ED34D51}
		{538754C0-EF24-436A-9FA7-24E1463FD2A6} = {6BA0C483-1DBB-4EBA-B119-06D4A2E7DD4F}
		{8555ABEC-AFF8-47B4-A1DC-7E889F7A93CD} = {6BA0C483-1DBB-4EBA-B119-06D4A2E7DD4F}
		{63DB2288-47CB-4536-B67C-3D5042D78C44} = {6BA0C483-1DBB-4EBA-B119-06D4A2E7DD4F}
		{D0E41444-744E-4602-B538-2AA52EBD3CF0} = {6FD27394-11EC-4C0B-9D85-809DB502612C}
		{12FE6DE0-0C5A-4ED0-9530-C29F2A965D12} = {6FD27394-11EC-4C0B-9D85-809DB502612C}
		{9236764F-0453-4ACC-BDD6-1BE1DC58E94D} = {6FD27394-11EC-4C0B-9D85-809DB502612C}
		{5D68C56A-7E0B-4E7B-8C68-49D6764DA8F8} = {FE23312A-6C5D-4F30-95ED-F61CB1FC0005}
		{B2412642-19AB-4182-9E7C-264E2466939D} = {FE23312A-6C5D-4F30-95ED-F61CB1FC0005}
		{F5665212-B8A5-4F43-B79A-75CD4B45DC61} = {FE23312A-6C5D-4F30-95ED-F61CB1FC0005}
		{84920764-2057-4E94-AB83-D38E93B69805} = {12AFA048-FC6B-4009-A644-7A14609BCC3C}
		{D461E992-FA32-4849-B004-79F606EEFC60} = {12AFA048-FC6B-4009-A644-7A14609BCC3C}
		{758BBA1E-CC58-458B-934D-91E14488D855} = {12AFA048-FC6B-4009-A644-7A14609BCC3C}
	EndGlobalSection
	GlobalSection(ExtensibilityGlobals) = postSolution
		SolutionGuid = {68A99C0C-491F-4313-9DEC-41306570E521}
	EndGlobalSection
EndGlobal
